
Microsoft Visual Studio Solution File, Format Version 12.00
# Visual Studio Version 17
VisualStudioVersion = 17.2.32616.157
MinimumVisualStudioVersion = 10.0.40219.1
Project("{FAE04EC0-301F-11D3-BF4B-00C04F79EFBC}") = "Assignment2", "Assignment2\Assignment2.csproj", "{24B51CF1-B53D-4144-9D44-88F210E075A1}"
EndProject
Global
	GlobalSection(SolutionConfigurationPlatforms) = preSolution
		Debug|Any CPU = Debug|Any CPU
		Release|Any CPU = Release|Any CPU
	EndGlobalSection
	GlobalSection(ProjectConfigurationPlatforms) = postSolution
		{24B51CF1-B53D-4144-9D44-88F210E075A1}.Debug|Any CPU.ActiveCfg = Debug|Any CPU
		{24B51CF1-B53D-4144-9D44-88F210E075A1}.Debug|Any CPU.Build.0 = Debug|Any CPU
		{24B51CF1-B53D-4144-9D44-88F210E075A1}.Release|Any CPU.ActiveCfg = Release|Any CPU
		{24B51CF1-B53D-4144-9D44-88F210E075A1}.Release|Any CPU.Build.0 = Release|Any CPU
	EndGlobalSection
	GlobalSection(SolutionProperties) = preSolution
		HideSolutionNode = FALSE
	EndGlobalSection
	GlobalSection(ExtensibilityGlobals) = postSolution
		SolutionGuid = {5ECE5EF4-9D2A-4180-8B89-8FEE5F677A53}
	EndGlobalSection
EndGlobal
